
Microsoft Visual Studio Solution File, Format Version 12.00
# Visual Studio 16
Project("{FAE04EC0-301F-11D3-BF4B-00C04F79EFBC}") = "QF.Action", "QF.Action.csproj", "{1AF04E76-CEDA-B88D-9FF1-2CDBE2DDE1CB}"
EndProject
Project("{FAE04EC0-301F-11D3-BF4B-00C04F79EFBC}") = "UniRx", "UniRx.csproj", "{4728AEBD-753B-AAFD-1D1F-B695D489F5F6}"
EndProject
Project("{FAE04EC0-301F-11D3-BF4B-00C04F79EFBC}") = "Assembly-CSharp", "Assembly-CSharp.csproj", "{A5024A51-B37B-0A90-8615-A781286FEE93}"
EndProject
Project("{FAE04EC0-301F-11D3-BF4B-00C04F79EFBC}") = "QF.Redux", "QF.Redux.csproj", "{330D84D2-E913-2685-36E4-59524E514BCF}"
EndProject
Project("{FAE04EC0-301F-11D3-BF4B-00C04F79EFBC}") = "QF.Pool", "QF.Pool.csproj", "{BC1A371C-D794-F526-EB06-3503952C3C11}"
EndProject
Project("{FAE04EC0-301F-11D3-BF4B-00C04F79EFBC}") = "QF.IOC", "QF.IOC.csproj", "{209EA001-098B-FBC7-BD07-2B15BFD52170}"
EndProject
Project("{FAE04EC0-301F-11D3-BF4B-00C04F79EFBC}") = "HTTP", "HTTP.csproj", "{52D18F74-F440-BA18-36D2-24715710A402}"
EndProject
Project("{FAE04EC0-301F-11D3-BF4B-00C04F79EFBC}") = "QF.SimpleHelper", "QF.SimpleHelper.csproj", "{75950FD5-3572-405F-CAA4-F758C19D1598}"
EndProject
Project("{FAE04EC0-301F-11D3-BF4B-00C04F79EFBC}") = "QF.Singleton", "QF.Singleton.csproj", "{E8456D5C-54F2-F88C-20DD-2AC43A51712B}"
EndProject
Project("{FAE04EC0-301F-11D3-BF4B-00C04F79EFBC}") = "QF.Extensions", "QF.Extensions.csproj", "{CDBB55E2-7B74-CF3E-FBE1-0A66C8F0392B}"
EndProject
Project("{FAE04EC0-301F-11D3-BF4B-00C04F79EFBC}") = "QF.DVA", "QF.DVA.csproj", "{6C36ADC5-5A70-BFF7-21C3-F01C24175EAD}"
EndProject
Project("{FAE04EC0-301F-11D3-BF4B-00C04F79EFBC}") = "Assembly-CSharp-Editor", "Assembly-CSharp-Editor.csproj", "{2CF2A8D6-A874-E091-B652-83E25AFC11A8}"
EndProject
Global
	GlobalSection(SolutionConfigurationPlatforms) = preSolution
		Debug|Any CPU = Debug|Any CPU
		Release|Any CPU = Release|Any CPU
	EndGlobalSection
	GlobalSection(ProjectConfigurationPlatforms) = postSolution
		{1AF04E76-CEDA-B88D-9FF1-2CDBE2DDE1CB}.Debug|Any CPU.ActiveCfg = Debug|Any CPU
		{1AF04E76-CEDA-B88D-9FF1-2CDBE2DDE1CB}.Debug|Any CPU.Build.0 = Debug|Any CPU
		{1AF04E76-CEDA-B88D-9FF1-2CDBE2DDE1CB}.Release|Any CPU.ActiveCfg = Release|Any CPU
		{1AF04E76-CEDA-B88D-9FF1-2CDBE2DDE1CB}.Release|Any CPU.Build.0 = Release|Any CPU
		{4728AEBD-753B-AAFD-1D1F-B695D489F5F6}.Debug|Any CPU.ActiveCfg = Debug|Any CPU
		{4728AEBD-753B-AAFD-1D1F-B695D489F5F6}.Debug|Any CPU.Build.0 = Debug|Any CPU
		{4728AEBD-753B-AAFD-1D1F-B695D489F5F6}.Release|Any CPU.ActiveCfg = Release|Any CPU
		{4728AEBD-753B-AAFD-1D1F-B695D489F5F6}.Release|Any CPU.Build.0 = Release|Any CPU
		{A5024A51-B37B-0A90-8615-A781286FEE93}.Debug|Any CPU.ActiveCfg = Debug|Any CPU
		{A5024A51-B37B-0A90-8615-A781286FEE93}.Debug|Any CPU.Build.0 = Debug|Any CPU
		{A5024A51-B37B-0A90-8615-A781286FEE93}.Release|Any CPU.ActiveCfg = Release|Any CPU
		{A5024A51-B37B-0A90-8615-A781286FEE93}.Release|Any CPU.Build.0 = Release|Any CPU
		{330D84D2-E913-2685-36E4-59524E514BCF}.Debug|Any CPU.ActiveCfg = Debug|Any CPU
		{330D84D2-E913-2685-36E4-59524E514BCF}.Debug|Any CPU.Build.0 = Debug|Any CPU
		{330D84D2-E913-2685-36E4-59524E514BCF}.Release|Any CPU.ActiveCfg = Release|Any CPU
		{330D84D2-E913-2685-36E4-59524E514BCF}.Release|Any CPU.Build.0 = Release|Any CPU
		{BC1A371C-D794-F526-EB06-3503952C3C11}.Debug|Any CPU.ActiveCfg = Debug|Any CPU
		{BC1A371C-D794-F526-EB06-3503952C3C11}.Debug|Any CPU.Build.0 = Debug|Any CPU
		{BC1A371C-D794-F526-EB06-3503952C3C11}.Release|Any CPU.ActiveCfg = Release|Any CPU
		{BC1A371C-D794-F526-EB06-3503952C3C11}.Release|Any CPU.Build.0 = Release|Any CPU
		{209EA001-098B-FBC7-BD07-2B15BFD52170}.Debug|Any CPU.ActiveCfg = Debug|Any CPU
		{209EA001-098B-FBC7-BD07-2B15BFD52170}.Debug|Any CPU.Build.0 = Debug|Any CPU
		{209EA001-098B-FBC7-BD07-2B15BFD52170}.Release|Any CPU.ActiveCfg = Release|Any CPU
		{209EA001-098B-FBC7-BD07-2B15BFD52170}.Release|Any CPU.Build.0 = Release|Any CPU
		{52D18F74-F440-BA18-36D2-24715710A402}.Debug|Any CPU.ActiveCfg = Debug|Any CPU
		{52D18F74-F440-BA18-36D2-24715710A402}.Debug|Any CPU.Build.0 = Debug|Any CPU
		{52D18F74-F440-BA18-36D2-24715710A402}.Release|Any CPU.ActiveCfg = Release|Any CPU
		{52D18F74-F440-BA18-36D2-24715710A402}.Release|Any CPU.Build.0 = Release|Any CPU
		{75950FD5-3572-405F-CAA4-F758C19D1598}.Debug|Any CPU.ActiveCfg = Debug|Any CPU
		{75950FD5-3572-405F-CAA4-F758C19D1598}.Debug|Any CPU.Build.0 = Debug|Any CPU
		{75950FD5-3572-405F-CAA4-F758C19D1598}.Release|Any CPU.ActiveCfg = Release|Any CPU
		{75950FD5-3572-405F-CAA4-F758C19D1598}.Release|Any CPU.Build.0 = Release|Any CPU
		{E8456D5C-54F2-F88C-20DD-2AC43A51712B}.Debug|Any CPU.ActiveCfg = Debug|Any CPU
		{E8456D5C-54F2-F88C-20DD-2AC43A51712B}.Debug|Any CPU.Build.0 = Debug|Any CPU
		{E8456D5C-54F2-F88C-20DD-2AC43A51712B}.Release|Any CPU.ActiveCfg = Release|Any CPU
		{E8456D5C-54F2-F88C-20DD-2AC43A51712B}.Release|Any CPU.Build.0 = Release|Any CPU
		{CDBB55E2-7B74-CF3E-FBE1-0A66C8F0392B}.Debug|Any CPU.ActiveCfg = Debug|Any CPU
		{CDBB55E2-7B74-CF3E-FBE1-0A66C8F0392B}.Debug|Any CPU.Build.0 = Debug|Any CPU
		{CDBB55E2-7B74-CF3E-FBE1-0A66C8F0392B}.Release|Any CPU.ActiveCfg = Release|Any CPU
		{CDBB55E2-7B74-CF3E-FBE1-0A66C8F0392B}.Release|Any CPU.Build.0 = Release|Any CPU
		{6C36ADC5-5A70-BFF7-21C3-F01C24175EAD}.Debug|Any CPU.ActiveCfg = Debug|Any CPU
		{6C36ADC5-5A70-BFF7-21C3-F01C24175EAD}.Debug|Any CPU.Build.0 = Debug|Any CPU
		{6C36ADC5-5A70-BFF7-21C3-F01C24175EAD}.Release|Any CPU.ActiveCfg = Release|Any CPU
		{6C36ADC5-5A70-BFF7-21C3-F01C24175EAD}.Release|Any CPU.Build.0 = Release|Any CPU
		{2CF2A8D6-A874-E091-B652-83E25AFC11A8}.Debug|Any CPU.ActiveCfg = Debug|Any CPU
		{2CF2A8D6-A874-E091-B652-83E25AFC11A8}.Debug|Any CPU.Build.0 = Debug|Any CPU
		{2CF2A8D6-A874-E091-B652-83E25AFC11A8}.Release|Any CPU.ActiveCfg = Release|Any CPU
		{2CF2A8D6-A874-E091-B652-83E25AFC11A8}.Release|Any CPU.Build.0 = Release|Any CPU
	EndGlobalSection
	GlobalSection(SolutionProperties) = preSolution
		HideSolutionNode = FALSE
	EndGlobalSection
EndGlobal
